
Microsoft Visual Studio Solution File, Format Version 11.00
# Visual Web Developer Express 2010
Project("{FAE04EC0-301F-11D3-BF4B-00C04F79EFBC}") = "RunningObjects.MVC.Client", "MVC.Client\RunningObjects.MVC.Client.csproj", "{2D212B5E-8EE5-4504-BB6D-6EA5CC908B4F}"
EndProject
Project("{FAE04EC0-301F-11D3-BF4B-00C04F79EFBC}") = "RunningObjects.MVC", "MVC\RunningObjects.MVC.csproj", "{44B512B4-6DEA-4B1C-BB53-6DE6730B9D85}"
EndProject
Project("{FAE04EC0-301F-11D3-BF4B-00C04F79EFBC}") = "RunningObjects.MVC.Northwind", "MVC.Northwind\RunningObjects.MVC.Northwind.csproj", "{5875174F-CD7A-49DB-97CD-969B52946972}"
EndProject
Global
	GlobalSection(SolutionConfigurationPlatforms) = preSolution
		Debug|Any CPU = Debug|Any CPU
		Release|Any CPU = Release|Any CPU
	EndGlobalSection
	GlobalSection(ProjectConfigurationPlatforms) = postSolution
		{2D212B5E-8EE5-4504-BB6D-6EA5CC908B4F}.Debug|Any CPU.ActiveCfg = Debug|Any CPU
		{2D212B5E-8EE5-4504-BB6D-6EA5CC908B4F}.Debug|Any CPU.Build.0 = Debug|Any CPU
		{2D212B5E-8EE5-4504-BB6D-6EA5CC908B4F}.Release|Any CPU.ActiveCfg = Release|Any CPU
		{2D212B5E-8EE5-4504-BB6D-6EA5CC908B4F}.Release|Any CPU.Build.0 = Release|Any CPU
		{44B512B4-6DEA-4B1C-BB53-6DE6730B9D85}.Debug|Any CPU.ActiveCfg = Debug|Any CPU
		{44B512B4-6DEA-4B1C-BB53-6DE6730B9D85}.Debug|Any CPU.Build.0 = Debug|Any CPU
		{44B512B4-6DEA-4B1C-BB53-6DE6730B9D85}.Release|Any CPU.ActiveCfg = Release|Any CPU
		{44B512B4-6DEA-4B1C-BB53-6DE6730B9D85}.Release|Any CPU.Build.0 = Release|Any CPU
		{5875174F-CD7A-49DB-97CD-969B52946972}.Debug|Any CPU.ActiveCfg = Debug|Any CPU
		{5875174F-CD7A-49DB-97CD-969B52946972}.Debug|Any CPU.Build.0 = Debug|Any CPU
		{5875174F-CD7A-49DB-97CD-969B52946972}.Release|Any CPU.ActiveCfg = Release|Any CPU
		{5875174F-CD7A-49DB-97CD-969B52946972}.Release|Any CPU.Build.0 = Release|Any CPU
	EndGlobalSection
	GlobalSection(SolutionProperties) = preSolution
		HideSolutionNode = FALSE
	EndGlobalSection
EndGlobal
